
Microsoft Visual Studio Solution File, Format Version 12.00
# Visual Studio 15
VisualStudioVersion = 15.0.28307.489
MinimumVisualStudioVersion = 10.0.40219.1
Project("{FAE04EC0-301F-11D3-BF4B-00C04F79EFBC}") = "AppComercial", "AppComercial\AppComercial.csproj", "{56CE3360-1F6D-4CC8-B66E-E1598BDFDEE9}"
EndProject
Global
	GlobalSection(SolutionConfigurationPlatforms) = preSolution
		Debug|Any CPU = Debug|Any CPU
		Release|Any CPU = Release|Any CPU
	EndGlobalSection
	GlobalSection(ProjectConfigurationPlatforms) = postSolution
		{56CE3360-1F6D-4CC8-B66E-E1598BDFDEE9}.Debug|Any CPU.ActiveCfg = Debug|Any CPU
		{56CE3360-1F6D-4CC8-B66E-E1598BDFDEE9}.Debug|Any CPU.Build.0 = Debug|Any CPU
		{56CE3360-1F6D-4CC8-B66E-E1598BDFDEE9}.Release|Any CPU.ActiveCfg = Release|Any CPU
		{56CE3360-1F6D-4CC8-B66E-E1598BDFDEE9}.Release|Any CPU.Build.0 = Release|Any CPU
	EndGlobalSection
	GlobalSection(SolutionProperties) = preSolution
		HideSolutionNode = FALSE
	EndGlobalSection
	GlobalSection(ExtensibilityGlobals) = postSolution
		SolutionGuid = {DC62E7C1-99CF-48D4-B49A-1A5D71B1B26B}
	EndGlobalSection
EndGlobal
